# This file is autogenerated, do not edit; changes may be undone by the next 'dep ensure'.


[[projects]]
  name = "github.com/apache/thrift"
  packages = ["lib/go/thrift"]
  revision = "b2a4d4ae21c789b689dd162deb819665567f481c"
  version = "0.10.0"

[[projects]]
  branch = "master"
  name = "github.com/codahale/hdrhistogram"
  packages = ["."]
  revision = "3a0bb77429bd3a61596f5e8a3172445844342120"

[[projects]]
  branch = "master"
  name = "github.com/opentracing-contrib/go-stdlib"
  packages = ["nethttp"]
  revision = "36723135187404d2f4002f4f189938565e64cc5c"

[[projects]]
  name = "github.com/opentracing/opentracing-go"
  packages = [
    ".",
    "ext",
    "log"
  ]
  revision = "1949ddbfd147afd4d964a9f00b24eb291e0e7c38"
  version = "v1.0.2"

[[projects]]
  name = "github.com/uber/jaeger-client-go"
  packages = [
    ".",
    "internal/baggage",
    "internal/spanlog",
    "internal/throttler",
    "log",
    "thrift-gen/agent",
    "thrift-gen/jaeger",
    "thrift-gen/sampling",
    "thrift-gen/zipkincore",
    "utils",
    "zipkin"
  ]
  revision = "3205d4aabc55c1a13b1e48d3db793bc8cd37bd16"
  version = "v2.13.0"

[[projects]]
  name = "github.com/uber/jaeger-lib"
  packages = ["metrics"]
  revision = "4267858c0679cd4e47cefed8d7f70fd386cfb567"
  version = "v1.4.0"

[[projects]]
  name = "go.uber.org/atomic"
  packages = ["."]
  revision = "8474b86a5a6f79c443ce4b2992817ff32cf208b8"
  version = "v1.3.1"

[[projects]]
  name = "go.uber.org/multierr"
  packages = ["."]
  revision = "3c4937480c32f4c13a875a1829af76c98ca3d40a"
  version = "v1.1.0"

[[projects]]
  name = "go.uber.org/zap"
  packages = [
    ".",
    "buffer",
    "internal/bufferpool",
    "internal/color",
    "internal/exit",
    "zapcore"
  ]
  revision = "eeedf312bc6c57391d84767a4cd413f02a917974"
  version = "v1.8.0"

<<<<<<< HEAD
[solve-meta]
  analyzer-name = "dep"
  analyzer-version = 1
  inputs-digest = "1d17e5797341b18570c2670906efecd96920fe47470c4569ce1448022dfcfec1"
=======
[[projects]]
  branch = "master"
  name = "golang.org/x/net"
  packages = ["context"]
  revision = "5f9ae10d9af5b1c89ae6904293b14b064d4ada23"

[solve-meta]
  analyzer-name = "dep"
  analyzer-version = 1
  inputs-digest = "8b254d4483ec3a7f22cf02ec094a7b81ebb8aadc9abefdc14858627b7158a6bd"
>>>>>>> feature-propagatespan
  solver-name = "gps-cdcl"
  solver-version = 1
